
Microsoft Visual Studio Solution File, Format Version 12.00
# Visual Studio Version 17
VisualStudioVersion = 17.3.32929.385
MinimumVisualStudioVersion = 10.0.40219.1
Project("{FAE04EC0-301F-11D3-BF4B-00C04F79EFBC}") = "LibraryManagementSystem", "LibraryManagementSystem\LibraryManagementSystem.csproj", "{3B936B9D-22C8-4F50-BDAC-0518D4E8F55C}"
EndProject
Global
	GlobalSection(SolutionConfigurationPlatforms) = preSolution
		Debug|Any CPU = Debug|Any CPU
		Release|Any CPU = Release|Any CPU
	EndGlobalSection
	GlobalSection(ProjectConfigurationPlatforms) = postSolution
		{3B936B9D-22C8-4F50-BDAC-0518D4E8F55C}.Debug|Any CPU.ActiveCfg = Debug|Any CPU
		{3B936B9D-22C8-4F50-BDAC-0518D4E8F55C}.Debug|Any CPU.Build.0 = Debug|Any CPU
		{3B936B9D-22C8-4F50-BDAC-0518D4E8F55C}.Release|Any CPU.ActiveCfg = Release|Any CPU
		{3B936B9D-22C8-4F50-BDAC-0518D4E8F55C}.Release|Any CPU.Build.0 = Release|Any CPU
	EndGlobalSection
	GlobalSection(SolutionProperties) = preSolution
		HideSolutionNode = FALSE
	EndGlobalSection
	GlobalSection(ExtensibilityGlobals) = postSolution
		SolutionGuid = {7530346E-118F-499E-AAE8-5CC1ECC3FE60}
	EndGlobalSection
EndGlobal
